
Microsoft Visual Studio Solution File, Format Version 12.00
# Visual Studio Version 17
VisualStudioVersion = 17.0.32014.148
MinimumVisualStudioVersion = 10.0.40219.1
Project("{FAE04EC0-301F-11D3-BF4B-00C04F79EFBC}") = "SwitchStatement", "SwitchStatement\SwitchStatement.csproj", "{DE2377F8-CEE9-4F6E-BA39-0486E21DEBC1}"
EndProject
Global
	GlobalSection(SolutionConfigurationPlatforms) = preSolution
		Debug|Any CPU = Debug|Any CPU
		Release|Any CPU = Release|Any CPU
	EndGlobalSection
	GlobalSection(ProjectConfigurationPlatforms) = postSolution
		{DE2377F8-CEE9-4F6E-BA39-0486E21DEBC1}.Debug|Any CPU.ActiveCfg = Debug|Any CPU
		{DE2377F8-CEE9-4F6E-BA39-0486E21DEBC1}.Debug|Any CPU.Build.0 = Debug|Any CPU
		{DE2377F8-CEE9-4F6E-BA39-0486E21DEBC1}.Release|Any CPU.ActiveCfg = Release|Any CPU
		{DE2377F8-CEE9-4F6E-BA39-0486E21DEBC1}.Release|Any CPU.Build.0 = Release|Any CPU
	EndGlobalSection
	GlobalSection(SolutionProperties) = preSolution
		HideSolutionNode = FALSE
	EndGlobalSection
	GlobalSection(ExtensibilityGlobals) = postSolution
		SolutionGuid = {A6C7C9E4-A2C6-4682-9D72-40B29AC0846B}
	EndGlobalSection
EndGlobal
